{
  "name": "dpeter99",
  "version": "1.0.0",
  "lockfileVersion": 2,
  "requires": true,
  "packages": {
    "": {
      "name": "dpeter99",
      "version": "1.0.0",
      "license": "ISC",
      "dependencies": {
        "@iconify/icons-fa-brands": "^1.2.1"
      }
    },
    "node_modules/@iconify/icons-fa-brands": {
      "version": "1.2.1",
      "resolved": "https://registry.npmjs.org/@iconify/icons-fa-brands/-/icons-fa-brands-1.2.1.tgz",
      "integrity": "sha512-jypRcmoqNLJ+l6MxWISIgQNt30+IQfYDU/wIFNtKnhCx3FJDAMPY3izTuryQ8zgZX80cPPWLn21K49dqQtQwPg==",
      "dependencies": {
        "@iconify/types": "^1.0.12"
      }
    },
    "node_modules/@iconify/types": {
      "version": "1.0.12",
      "resolved": "https://registry.npmjs.org/@iconify/types/-/types-1.0.12.tgz",
      "integrity": "sha512-6er6wSGF3hgc1JEZqiGpg21CTCjHBYOUwqLmb2Idzkjiw6ogalGP0ZMLVutCzah+0WB4yP+Zd2oVPN8jvJ+Ftg=="
    }
  },
  "dependencies": {
    "@iconify/icons-fa-brands": {
      "version": "1.2.1",
      "resolved": "https://registry.npmjs.org/@iconify/icons-fa-brands/-/icons-fa-brands-1.2.1.tgz",
      "integrity": "sha512-jypRcmoqNLJ+l6MxWISIgQNt30+IQfYDU/wIFNtKnhCx3FJDAMPY3izTuryQ8zgZX80cPPWLn21K49dqQtQwPg==",
      "requires": {
        "@iconify/types": "^1.0.12"
      }
    },
    "@iconify/types": {
      "version": "1.0.12",
      "resolved": "https://registry.npmjs.org/@iconify/types/-/types-1.0.12.tgz",
      "integrity": "sha512-6er6wSGF3hgc1JEZqiGpg21CTCjHBYOUwqLmb2Idzkjiw6ogalGP0ZMLVutCzah+0WB4yP+Zd2oVPN8jvJ+Ftg=="
    }
  }
}
